
Microsoft Visual Studio Solution File, Format Version 12.00
Project("{FAE04EC0-301F-11D3-BF4B-00C04F79EFBC}") = "KeylineClient", "KeylineClient\KeylineClient.csproj", "{1E49BB63-13F9-47D6-A7B2-B44443F33C1E}"
EndProject
Project("{FAE04EC0-301F-11D3-BF4B-00C04F79EFBC}") = "UnitTests", "UnitTests\UnitTests.csproj", "{A7028D64-8B90-4D20-BB59-4A5D8B9EB02E}"
EndProject
Project("{FAE04EC0-301F-11D3-BF4B-00C04F79EFBC}") = "IntegrationTests", "IntegrationTests\IntegrationTests.csproj", "{3F77A399-57F4-421E-9A91-735D9E32FB18}"
EndProject
Project("{FAE04EC0-301F-11D3-BF4B-00C04F79EFBC}") = "ExampleApp", "ExampleApp\ExampleApp.csproj", "{7B55A24F-60BD-4AB8-9F96-E1FF2FDE4015}"
EndProject
Global
	GlobalSection(SolutionConfigurationPlatforms) = preSolution
		Debug|Any CPU = Debug|Any CPU
		Release|Any CPU = Release|Any CPU
	EndGlobalSection
	GlobalSection(ProjectConfigurationPlatforms) = postSolution
		{1E49BB63-13F9-47D6-A7B2-B44443F33C1E}.Debug|Any CPU.ActiveCfg = Debug|Any CPU
		{1E49BB63-13F9-47D6-A7B2-B44443F33C1E}.Debug|Any CPU.Build.0 = Debug|Any CPU
		{1E49BB63-13F9-47D6-A7B2-B44443F33C1E}.Release|Any CPU.ActiveCfg = Release|Any CPU
		{1E49BB63-13F9-47D6-A7B2-B44443F33C1E}.Release|Any CPU.Build.0 = Release|Any CPU
		{A7028D64-8B90-4D20-BB59-4A5D8B9EB02E}.Debug|Any CPU.ActiveCfg = Debug|Any CPU
		{A7028D64-8B90-4D20-BB59-4A5D8B9EB02E}.Debug|Any CPU.Build.0 = Debug|Any CPU
		{A7028D64-8B90-4D20-BB59-4A5D8B9EB02E}.Release|Any CPU.ActiveCfg = Release|Any CPU
		{A7028D64-8B90-4D20-BB59-4A5D8B9EB02E}.Release|Any CPU.Build.0 = Release|Any CPU
		{3F77A399-57F4-421E-9A91-735D9E32FB18}.Debug|Any CPU.ActiveCfg = Debug|Any CPU
		{3F77A399-57F4-421E-9A91-735D9E32FB18}.Debug|Any CPU.Build.0 = Debug|Any CPU
		{3F77A399-57F4-421E-9A91-735D9E32FB18}.Release|Any CPU.ActiveCfg = Release|Any CPU
		{3F77A399-57F4-421E-9A91-735D9E32FB18}.Release|Any CPU.Build.0 = Release|Any CPU
		{7B55A24F-60BD-4AB8-9F96-E1FF2FDE4015}.Debug|Any CPU.ActiveCfg = Debug|Any CPU
		{7B55A24F-60BD-4AB8-9F96-E1FF2FDE4015}.Debug|Any CPU.Build.0 = Debug|Any CPU
		{7B55A24F-60BD-4AB8-9F96-E1FF2FDE4015}.Release|Any CPU.ActiveCfg = Release|Any CPU
		{7B55A24F-60BD-4AB8-9F96-E1FF2FDE4015}.Release|Any CPU.Build.0 = Release|Any CPU
	EndGlobalSection
EndGlobal
